// !$*UTF8*$!
{
	archiveVersion = 1;
	classes = {
	};
	objectVersion = 46;
	objects = {

/* Begin PBXBuildFile section */
		C99C294B11FA20FA0049409D /* Foundation.framework in Frameworks */ = {isa = PBXBuildFile; fileRef = C99C294A11FA20FA0049409D /* Foundation.framework */; };
		C99C296C11FA21240049409D /* CoreDeserializer.h in Headers */ = {isa = PBXBuildFile; fileRef = C99C295211FA21240049409D /* CoreDeserializer.h */; };
		C99C296D11FA21240049409D /* CoreDeserializer.m in Sources */ = {isa = PBXBuildFile; fileRef = C99C295311FA21240049409D /* CoreDeserializer.m */; };
		C99C296E11FA21240049409D /* CoreManager.h in Headers */ = {isa = PBXBuildFile; fileRef = C99C295411FA21240049409D /* CoreManager.h */; };
		C99C296F11FA21240049409D /* CoreManager.m in Sources */ = {isa = PBXBuildFile; fileRef = C99C295511FA21240049409D /* CoreManager.m */; };
		C99C297011FA21240049409D /* CoreRequest.h in Headers */ = {isa = PBXBuildFile; fileRef = C99C295611FA21240049409D /* CoreRequest.h */; };
		C99C297111FA21240049409D /* CoreRequest.m in Sources */ = {isa = PBXBuildFile; fileRef = C99C295711FA21240049409D /* CoreRequest.m */; };
		C99C297211FA21240049409D /* CoreResource.h in Headers */ = {isa = PBXBuildFile; fileRef = C99C295811FA21240049409D /* CoreResource.h */; };
		C99C297311FA21240049409D /* CoreResource.m in Sources */ = {isa = PBXBuildFile; fileRef = C99C295911FA21240049409D /* CoreResource.m */; };
		C99C297411FA21240049409D /* CoreResult.h in Headers */ = {isa = PBXBuildFile; fileRef = C99C295A11FA21240049409D /* CoreResult.h */; };
		C99C297511FA21240049409D /* CoreResult.m in Sources */ = {isa = PBXBuildFile; fileRef = C99C295B11FA21240049409D /* CoreResult.m */; };
		C99C297611FA21240049409D /* CoreResultsController.h in Headers */ = {isa = PBXBuildFile; fileRef = C99C295C11FA21240049409D /* CoreResultsController.h */; };
		C99C297711FA21240049409D /* CoreResultsController.m in Sources */ = {isa = PBXBuildFile; fileRef = C99C295D11FA21240049409D /* CoreResultsController.m */; };
		C99C297811FA21240049409D /* CoreTableController.h in Headers */ = {isa = PBXBuildFile; fileRef = C99C295E11FA21240049409D /* CoreTableController.h */; };
		C99C297911FA21240049409D /* CoreTableController.m in Sources */ = {isa = PBXBuildFile; fileRef = C99C295F11FA21240049409D /* CoreTableController.m */; };
		C99C297A11FA21240049409D /* CoreUtils.h in Headers */ = {isa = PBXBuildFile; fileRef = C99C296011FA21240049409D /* CoreUtils.h */; };
		C99C297B11FA21240049409D /* CoreUtils.m in Sources */ = {isa = PBXBuildFile; fileRef = C99C296111FA21240049409D /* CoreUtils.m */; };
		C99C297C11FA21240049409D /* NSArray+Core.h in Headers */ = {isa = PBXBuildFile; fileRef = C99C296211FA21240049409D /* NSArray+Core.h */; };
		C99C297D11FA21240049409D /* NSArray+Core.m in Sources */ = {isa = PBXBuildFile; fileRef = C99C296311FA21240049409D /* NSArray+Core.m */; };
		C99C297E11FA21240049409D /* NSMutableArray+Core.h in Headers */ = {isa = PBXBuildFile; fileRef = C99C296411FA21240049409D /* NSMutableArray+Core.h */; };
		C99C297F11FA21240049409D /* NSMutableArray+Core.m in Sources */ = {isa = PBXBuildFile; fileRef = C99C296511FA21240049409D /* NSMutableArray+Core.m */; };
		C99C298011FA21240049409D /* NSObject+Core.h in Headers */ = {isa = PBXBuildFile; fileRef = C99C296611FA21240049409D /* NSObject+Core.h */; };
		C99C298111FA21240049409D /* NSObject+Core.m in Sources */ = {isa = PBXBuildFile; fileRef = C99C296711FA21240049409D /* NSObject+Core.m */; };
		C99C298211FA21240049409D /* NSSet+Core.h in Headers */ = {isa = PBXBuildFile; fileRef = C99C296811FA21240049409D /* NSSet+Core.h */; };
		C99C298311FA21240049409D /* NSSet+Core.m in Sources */ = {isa = PBXBuildFile; fileRef = C99C296911FA21240049409D /* NSSet+Core.m */; };
		C99C298411FA21240049409D /* NSString+InflectionSupport.h in Headers */ = {isa = PBXBuildFile; fileRef = C99C296A11FA21240049409D /* NSString+InflectionSupport.h */; };
		C99C298511FA21240049409D /* NSString+InflectionSupport.m in Sources */ = {isa = PBXBuildFile; fileRef = C99C296B11FA21240049409D /* NSString+InflectionSupport.m */; };
		C99C298911FA21F00049409D /* CoreData.framework in Frameworks */ = {isa = PBXBuildFile; fileRef = C99C298811FA21F00049409D /* CoreData.framework */; };
/* End PBXBuildFile section */

/* Begin PBXFileReference section */
		C99C294811FA20FA0049409D /* libCoreResource.a */ = {isa = PBXFileReference; explicitFileType = archive.ar; includeInIndex = 0; path = libCoreResource.a; sourceTree = BUILT_PRODUCTS_DIR; };
		C99C294A11FA20FA0049409D /* Foundation.framework */ = {isa = PBXFileReference; lastKnownFileType = wrapper.framework; name = Foundation.framework; path = System/Library/Frameworks/Foundation.framework; sourceTree = SDKROOT; };
		C99C294C11FA20FA0049409D /* CoreResource_Prefix.pch */ = {isa = PBXFileReference; lastKnownFileType = sourcecode.c.h; path = CoreResource_Prefix.pch; sourceTree = "<group>"; };
		C99C295211FA21240049409D /* CoreDeserializer.h */ = {isa = PBXFileReference; fileEncoding = 4; lastKnownFileType = sourcecode.c.h; path = CoreDeserializer.h; sourceTree = "<group>"; };
		C99C295311FA21240049409D /* CoreDeserializer.m */ = {isa = PBXFileReference; fileEncoding = 4; lastKnownFileType = sourcecode.c.objc; path = CoreDeserializer.m; sourceTree = "<group>"; };
		C99C295411FA21240049409D /* CoreManager.h */ = {isa = PBXFileReference; fileEncoding = 4; lastKnownFileType = sourcecode.c.h; path = CoreManager.h; sourceTree = "<group>"; };
		C99C295511FA21240049409D /* CoreManager.m */ = {isa = PBXFileReference; fileEncoding = 4; lastKnownFileType = sourcecode.c.objc; path = CoreManager.m; sourceTree = "<group>"; };
		C99C295611FA21240049409D /* CoreRequest.h */ = {isa = PBXFileReference; fileEncoding = 4; lastKnownFileType = sourcecode.c.h; path = CoreRequest.h; sourceTree = "<group>"; };
		C99C295711FA21240049409D /* CoreRequest.m */ = {isa = PBXFileReference; fileEncoding = 4; lastKnownFileType = sourcecode.c.objc; path = CoreRequest.m; sourceTree = "<group>"; };
		C99C295811FA21240049409D /* CoreResource.h */ = {isa = PBXFileReference; fileEncoding = 4; lastKnownFileType = sourcecode.c.h; path = CoreResource.h; sourceTree = "<group>"; };
		C99C295911FA21240049409D /* CoreResource.m */ = {isa = PBXFileReference; fileEncoding = 4; lastKnownFileType = sourcecode.c.objc; path = CoreResource.m; sourceTree = "<group>"; };
		C99C295A11FA21240049409D /* CoreResult.h */ = {isa = PBXFileReference; fileEncoding = 4; lastKnownFileType = sourcecode.c.h; path = CoreResult.h; sourceTree = "<group>"; };
		C99C295B11FA21240049409D /* CoreResult.m */ = {isa = PBXFileReference; fileEncoding = 4; lastKnownFileType = sourcecode.c.objc; path = CoreResult.m; sourceTree = "<group>"; };
		C99C295C11FA21240049409D /* CoreResultsController.h */ = {isa = PBXFileReference; fileEncoding = 4; lastKnownFileType = sourcecode.c.h; path = CoreResultsController.h; sourceTree = "<group>"; };
		C99C295D11FA21240049409D /* CoreResultsController.m */ = {isa = PBXFileReference; fileEncoding = 4; lastKnownFileType = sourcecode.c.objc; path = CoreResultsController.m; sourceTree = "<group>"; };
		C99C295E11FA21240049409D /* CoreTableController.h */ = {isa = PBXFileReference; fileEncoding = 4; lastKnownFileType = sourcecode.c.h; path = CoreTableController.h; sourceTree = "<group>"; };
		C99C295F11FA21240049409D /* CoreTableController.m */ = {isa = PBXFileReference; fileEncoding = 4; lastKnownFileType = sourcecode.c.objc; path = CoreTableController.m; sourceTree = "<group>"; };
		C99C296011FA21240049409D /* CoreUtils.h */ = {isa = PBXFileReference; fileEncoding = 4; lastKnownFileType = sourcecode.c.h; path = CoreUtils.h; sourceTree = "<group>"; };
		C99C296111FA21240049409D /* CoreUtils.m */ = {isa = PBXFileReference; fileEncoding = 4; lastKnownFileType = sourcecode.c.objc; path = CoreUtils.m; sourceTree = "<group>"; };
		C99C296211FA21240049409D /* NSArray+Core.h */ = {isa = PBXFileReference; fileEncoding = 4; lastKnownFileType = sourcecode.c.h; path = "NSArray+Core.h"; sourceTree = "<group>"; };
		C99C296311FA21240049409D /* NSArray+Core.m */ = {isa = PBXFileReference; fileEncoding = 4; lastKnownFileType = sourcecode.c.objc; path = "NSArray+Core.m"; sourceTree = "<group>"; };
		C99C296411FA21240049409D /* NSMutableArray+Core.h */ = {isa = PBXFileReference; fileEncoding = 4; lastKnownFileType = sourcecode.c.h; path = "NSMutableArray+Core.h"; sourceTree = "<group>"; };
		C99C296511FA21240049409D /* NSMutableArray+Core.m */ = {isa = PBXFileReference; fileEncoding = 4; lastKnownFileType = sourcecode.c.objc; path = "NSMutableArray+Core.m"; sourceTree = "<group>"; };
		C99C296611FA21240049409D /* NSObject+Core.h */ = {isa = PBXFileReference; fileEncoding = 4; lastKnownFileType = sourcecode.c.h; path = "NSObject+Core.h"; sourceTree = "<group>"; };
		C99C296711FA21240049409D /* NSObject+Core.m */ = {isa = PBXFileReference; fileEncoding = 4; lastKnownFileType = sourcecode.c.objc; path = "NSObject+Core.m"; sourceTree = "<group>"; };
		C99C296811FA21240049409D /* NSSet+Core.h */ = {isa = PBXFileReference; fileEncoding = 4; lastKnownFileType = sourcecode.c.h; path = "NSSet+Core.h"; sourceTree = "<group>"; };
		C99C296911FA21240049409D /* NSSet+Core.m */ = {isa = PBXFileReference; fileEncoding = 4; lastKnownFileType = sourcecode.c.objc; path = "NSSet+Core.m"; sourceTree = "<group>"; };
		C99C296A11FA21240049409D /* NSString+InflectionSupport.h */ = {isa = PBXFileReference; fileEncoding = 4; lastKnownFileType = sourcecode.c.h; path = "NSString+InflectionSupport.h"; sourceTree = "<group>"; };
		C99C296B11FA21240049409D /* NSString+InflectionSupport.m */ = {isa = PBXFileReference; fileEncoding = 4; lastKnownFileType = sourcecode.c.objc; path = "NSString+InflectionSupport.m"; sourceTree = "<group>"; };
		C99C298811FA21F00049409D /* CoreData.framework */ = {isa = PBXFileReference; lastKnownFileType = wrapper.framework; name = CoreData.framework; path = /Xcode4/Platforms/iPhoneOS.platform/Developer/SDKs/iPhoneOS4.0.sdk/System/Library/Frameworks/CoreData.framework; sourceTree = "<absolute>"; };
/* End PBXFileReference section */

/* Begin PBXFrameworksBuildPhase section */
		C99C294511FA20FA0049409D /* Frameworks */ = {
			isa = PBXFrameworksBuildPhase;
			buildActionMask = 2147483647;
			files = (
				C99C294B11FA20FA0049409D /* Foundation.framework in Frameworks */,
				C99C298911FA21F00049409D /* CoreData.framework in Frameworks */,
			);
			runOnlyForDeploymentPostprocessing = 0;
		};
/* End PBXFrameworksBuildPhase section */

/* Begin PBXGroup section */
		C99C293A11FA20FA0049409D = {
			isa = PBXGroup;
			children = (
				C99C294111FA20FA0049409D /* CoreResource */,
				C99C294211FA20FA0049409D /* Other Sources */,
				C99C294311FA20FA0049409D /* Frameworks */,
				C99C294911FA20FA0049409D /* Products */,
			);
			sourceTree = "<group>";
		};
		C99C294111FA20FA0049409D /* CoreResource */ = {
			isa = PBXGroup;
			children = (
				C99C298D11FA22670049409D /* Parsers */,
				C99C298C11FA22600049409D /* Connections */,
				C99C295211FA21240049409D /* CoreDeserializer.h */,
				C99C295311FA21240049409D /* CoreDeserializer.m */,
				C99C295411FA21240049409D /* CoreManager.h */,
				C99C295511FA21240049409D /* CoreManager.m */,
				C99C295611FA21240049409D /* CoreRequest.h */,
				C99C295711FA21240049409D /* CoreRequest.m */,
				C99C295811FA21240049409D /* CoreResource.h */,
				C99C295911FA21240049409D /* CoreResource.m */,
				C99C295A11FA21240049409D /* CoreResult.h */,
				C99C295B11FA21240049409D /* CoreResult.m */,
				C99C295C11FA21240049409D /* CoreResultsController.h */,
				C99C295D11FA21240049409D /* CoreResultsController.m */,
				C99C295E11FA21240049409D /* CoreTableController.h */,
				C99C295F11FA21240049409D /* CoreTableController.m */,
				C99C296011FA21240049409D /* CoreUtils.h */,
				C99C296111FA21240049409D /* CoreUtils.m */,
				C99C296211FA21240049409D /* NSArray+Core.h */,
				C99C296311FA21240049409D /* NSArray+Core.m */,
				C99C296411FA21240049409D /* NSMutableArray+Core.h */,
				C99C296511FA21240049409D /* NSMutableArray+Core.m */,
				C99C296611FA21240049409D /* NSObject+Core.h */,
				C99C296711FA21240049409D /* NSObject+Core.m */,
				C99C296811FA21240049409D /* NSSet+Core.h */,
				C99C296911FA21240049409D /* NSSet+Core.m */,
				C99C296A11FA21240049409D /* NSString+InflectionSupport.h */,
				C99C296B11FA21240049409D /* NSString+InflectionSupport.m */,
			);
			name = CoreResource;
			path = Classes;
			sourceTree = "<group>";
		};
		C99C294211FA20FA0049409D /* Other Sources */ = {
			isa = PBXGroup;
			children = (
				C99C294C11FA20FA0049409D /* CoreResource_Prefix.pch */,
			);
			name = "Other Sources";
			sourceTree = "<group>";
		};
		C99C294311FA20FA0049409D /* Frameworks */ = {
			isa = PBXGroup;
			children = (
				C99C298811FA21F00049409D /* CoreData.framework */,
				C99C294A11FA20FA0049409D /* Foundation.framework */,
			);
			name = Frameworks;
			sourceTree = "<group>";
		};
		C99C294911FA20FA0049409D /* Products */ = {
			isa = PBXGroup;
			children = (
				C99C294811FA20FA0049409D /* libCoreResource.a */,
			);
			name = Products;
			sourceTree = "<group>";
		};
		C99C298C11FA22600049409D /* Connections */ = {
			isa = PBXGroup;
			children = (
			);
			name = Connections;
			sourceTree = "<group>";
		};
		C99C298D11FA22670049409D /* Parsers */ = {
			isa = PBXGroup;
			children = (
			);
			name = Parsers;
			sourceTree = "<group>";
		};
/* End PBXGroup section */

/* Begin PBXHeadersBuildPhase section */
		C99C294611FA20FA0049409D /* Headers */ = {
			isa = PBXHeadersBuildPhase;
			buildActionMask = 2147483647;
			files = (
				C99C296C11FA21240049409D /* CoreDeserializer.h in Headers */,
				C99C296E11FA21240049409D /* CoreManager.h in Headers */,
				C99C297011FA21240049409D /* CoreRequest.h in Headers */,
				C99C297211FA21240049409D /* CoreResource.h in Headers */,
				C99C297411FA21240049409D /* CoreResult.h in Headers */,
				C99C297611FA21240049409D /* CoreResultsController.h in Headers */,
				C99C297811FA21240049409D /* CoreTableController.h in Headers */,
				C99C297A11FA21240049409D /* CoreUtils.h in Headers */,
				C99C297C11FA21240049409D /* NSArray+Core.h in Headers */,
				C99C297E11FA21240049409D /* NSMutableArray+Core.h in Headers */,
				C99C298011FA21240049409D /* NSObject+Core.h in Headers */,
				C99C298211FA21240049409D /* NSSet+Core.h in Headers */,
				C99C298411FA21240049409D /* NSString+InflectionSupport.h in Headers */,
			);
			runOnlyForDeploymentPostprocessing = 0;
		};
/* End PBXHeadersBuildPhase section */

/* Begin PBXNativeTarget section */
		C99C294711FA20FA0049409D /* CoreResource */ = {
			isa = PBXNativeTarget;
			buildConfigurationList = C99C294F11FA20FA0049409D /* Build configuration list for PBXNativeTarget "CoreResource" */;
			buildPhases = (
				C99C294411FA20FA0049409D /* Sources */,
				C99C294511FA20FA0049409D /* Frameworks */,
				C99C294611FA20FA0049409D /* Headers */,
			);
			buildRules = (
			);
			dependencies = (
			);
			name = CoreResource;
			productName = CoreResource;
			productReference = C99C294811FA20FA0049409D /* libCoreResource.a */;
			productType = "com.apple.product-type.library.static";
		};
/* End PBXNativeTarget section */

/* Begin PBXProject section */
		C99C293C11FA20FA0049409D /* Project object */ = {
			isa = PBXProject;
			buildConfigurationList = C99C293F11FA20FA0049409D /* Build configuration list for PBXProject "CoreResource" */;
			compatibilityVersion = "Xcode 3.2";
			developmentRegion = English;
			hasScannedForEncodings = 0;
			knownRegions = (
				en,
			);
			mainGroup = C99C293A11FA20FA0049409D;
			productRefGroup = C99C294911FA20FA0049409D /* Products */;
			projectDirPath = "";
			projectRoot = "";
			targets = (
				C99C294711FA20FA0049409D /* CoreResource */,
			);
		};
/* End PBXProject section */

/* Begin PBXSourcesBuildPhase section */
		C99C294411FA20FA0049409D /* Sources */ = {
			isa = PBXSourcesBuildPhase;
			buildActionMask = 2147483647;
			files = (
				C99C296D11FA21240049409D /* CoreDeserializer.m in Sources */,
				C99C296F11FA21240049409D /* CoreManager.m in Sources */,
				C99C297111FA21240049409D /* CoreRequest.m in Sources */,
				C99C297311FA21240049409D /* CoreResource.m in Sources */,
				C99C297511FA21240049409D /* CoreResult.m in Sources */,
				C99C297711FA21240049409D /* CoreResultsController.m in Sources */,
				C99C297911FA21240049409D /* CoreTableController.m in Sources */,
				C99C297B11FA21240049409D /* CoreUtils.m in Sources */,
				C99C297D11FA21240049409D /* NSArray+Core.m in Sources */,
				C99C297F11FA21240049409D /* NSMutableArray+Core.m in Sources */,
				C99C298111FA21240049409D /* NSObject+Core.m in Sources */,
				C99C298311FA21240049409D /* NSSet+Core.m in Sources */,
				C99C298511FA21240049409D /* NSString+InflectionSupport.m in Sources */,
			);
			runOnlyForDeploymentPostprocessing = 0;
		};
/* End PBXSourcesBuildPhase section */

/* Begin XCBuildConfiguration section */
		C99C294D11FA20FA0049409D /* Debug */ = {
			isa = XCBuildConfiguration;
			buildSettings = {
				ARCHS = "$(ARCHS_STANDARD_32_BIT)";
				GCC_C_LANGUAGE_STANDARD = gnu99;
				GCC_OPTIMIZATION_LEVEL = 0;
				GCC_PREPROCESSOR_DEFINITIONS = DEBUG;
				GCC_WARN_ABOUT_RETURN_TYPE = YES;
				GCC_WARN_UNUSED_VARIABLE = YES;
				PREBINDING = NO;
				SDKROOT = iphoneos4.0;
			};
			name = Debug;
		};
		C99C294E11FA20FA0049409D /* Release */ = {
			isa = XCBuildConfiguration;
			buildSettings = {
				ARCHS = "$(ARCHS_STANDARD_32_BIT)";
				GCC_C_LANGUAGE_STANDARD = gnu99;
				GCC_WARN_ABOUT_RETURN_TYPE = YES;
				GCC_WARN_UNUSED_VARIABLE = YES;
				PREBINDING = NO;
				SDKROOT = iphoneos4.0;
			};
			name = Release;
		};
		C99C295011FA20FA0049409D /* Debug */ = {
			isa = XCBuildConfiguration;
			buildSettings = {
				ALWAYS_SEARCH_USER_PATHS = NO;
				DSTROOT = /tmp/CoreResource.dst;
				GCC_PRECOMPILE_PREFIX_HEADER = YES;
				GCC_PREFIX_HEADER = CoreResource_Prefix.pch;
				INSTALL_PATH = /usr/local/lib;
				OTHER_LDFLAGS = "-ObjC";
				PRODUCT_NAME = CoreResource;
			};
			name = Debug;
		};
		C99C295111FA20FA0049409D /* Release */ = {
			isa = XCBuildConfiguration;
			buildSettings = {
				ALWAYS_SEARCH_USER_PATHS = NO;
				DSTROOT = /tmp/CoreResource.dst;
				GCC_PRECOMPILE_PREFIX_HEADER = YES;
				GCC_PREFIX_HEADER = CoreResource_Prefix.pch;
				INSTALL_PATH = /usr/local/lib;
				OTHER_LDFLAGS = "-ObjC";
				PRODUCT_NAME = CoreResource;
			};
			name = Release;
		};
/* End XCBuildConfiguration section */

/* Begin XCConfigurationList section */
		C99C293F11FA20FA0049409D /* Build configuration list for PBXProject "CoreResource" */ = {
			isa = XCConfigurationList;
			buildConfigurations = (
				C99C294D11FA20FA0049409D /* Debug */,
				C99C294E11FA20FA0049409D /* Release */,
			);
			defaultConfigurationIsVisible = 0;
			defaultConfigurationName = Release;
		};
		C99C294F11FA20FA0049409D /* Build configuration list for PBXNativeTarget "CoreResource" */ = {
			isa = XCConfigurationList;
			buildConfigurations = (
				C99C295011FA20FA0049409D /* Debug */,
				C99C295111FA20FA0049409D /* Release */,
			);
			defaultConfigurationIsVisible = 0;
			defaultConfigurationName = Release;
		};
/* End XCConfigurationList section */
	};
	rootObject = C99C293C11FA20FA0049409D /* Project object */;
}
